
Microsoft Visual Studio Solution File, Format Version 12.00
# Visual Studio Version 16
VisualStudioVersion = 16.0.32407.337
MinimumVisualStudioVersion = 10.0.40219.1
Project("{F14B399A-7131-4C87-9E4B-1186C45EF12D}") = "Web-отчет", "Web-отчет\Web-отчет.rptproj", "{55143CF7-8B84-4534-A967-CCF0D172DE56}"
EndProject
Global
	GlobalSection(SolutionConfigurationPlatforms) = preSolution
		Debug|Default = Debug|Default
		DebugLocal|Default = DebugLocal|Default
		Release|Default = Release|Default
	EndGlobalSection
	GlobalSection(ProjectConfigurationPlatforms) = postSolution
		{55143CF7-8B84-4534-A967-CCF0D172DE56}.Debug|Default.ActiveCfg = Debug
		{55143CF7-8B84-4534-A967-CCF0D172DE56}.Debug|Default.Build.0 = Debug
		{55143CF7-8B84-4534-A967-CCF0D172DE56}.Debug|Default.Deploy.0 = Debug
		{55143CF7-8B84-4534-A967-CCF0D172DE56}.DebugLocal|Default.ActiveCfg = DebugLocal
		{55143CF7-8B84-4534-A967-CCF0D172DE56}.DebugLocal|Default.Build.0 = DebugLocal
		{55143CF7-8B84-4534-A967-CCF0D172DE56}.Release|Default.ActiveCfg = Release
		{55143CF7-8B84-4534-A967-CCF0D172DE56}.Release|Default.Build.0 = Release
		{55143CF7-8B84-4534-A967-CCF0D172DE56}.Release|Default.Deploy.0 = Release
	EndGlobalSection
	GlobalSection(SolutionProperties) = preSolution
		HideSolutionNode = FALSE
	EndGlobalSection
	GlobalSection(ExtensibilityGlobals) = postSolution
		SolutionGuid = {8A083474-3F39-46B1-8080-72DF6E79BE80}
	EndGlobalSection
EndGlobal
